
Microsoft Visual Studio Solution File, Format Version 12.00
# Visual Studio Version 17
VisualStudioVersion = 17.9.34616.47
MinimumVisualStudioVersion = 10.0.40219.1
Project("{FAE04EC0-301F-11D3-BF4B-00C04F79EFBC}") = "get-back-files", "get-back-files\get-back-files.csproj", "{834FA6C0-3E6E-44D7-8BD9-24DBD62170F6}"
EndProject
Global
	GlobalSection(SolutionConfigurationPlatforms) = preSolution
		Debug|Any CPU = Debug|Any CPU
		Release|Any CPU = Release|Any CPU
	EndGlobalSection
	GlobalSection(ProjectConfigurationPlatforms) = postSolution
		{834FA6C0-3E6E-44D7-8BD9-24DBD62170F6}.Debug|Any CPU.ActiveCfg = Debug|Any CPU
		{834FA6C0-3E6E-44D7-8BD9-24DBD62170F6}.Debug|Any CPU.Build.0 = Debug|Any CPU
		{834FA6C0-3E6E-44D7-8BD9-24DBD62170F6}.Release|Any CPU.ActiveCfg = Release|Any CPU
		{834FA6C0-3E6E-44D7-8BD9-24DBD62170F6}.Release|Any CPU.Build.0 = Release|Any CPU
	EndGlobalSection
	GlobalSection(SolutionProperties) = preSolution
		HideSolutionNode = FALSE
	EndGlobalSection
	GlobalSection(ExtensibilityGlobals) = postSolution
		SolutionGuid = {81CF60BB-2689-4A5C-ABFE-9692108B0064}
	EndGlobalSection
EndGlobal
